
Microsoft Visual Studio Solution File, Format Version 12.00
# Visual Studio Version 17
VisualStudioVersion = 17.11.35222.181
MinimumVisualStudioVersion = 10.0.40219.1
Project("{9A19103F-16F7-4668-BE54-9A1E7A4F7556}") = "Serilog.Sinks.Database", "Serilog.Sinks.Database\Serilog.Sinks.Database.csproj", "{64193EA6-3CF5-4E89-9A9F-7425952A0505}"
EndProject
Project("{9A19103F-16F7-4668-BE54-9A1E7A4F7556}") = "Serilog.Sinks.Database.Tester", "Serilog.Sinks.Database.Tester\Serilog.Sinks.Database.Tester.csproj", "{86A18DD8-0DD1-45E9-AC45-140A6CB34ADB}"
EndProject
Global
	GlobalSection(SolutionConfigurationPlatforms) = preSolution
		Debug|Any CPU = Debug|Any CPU
		Release|Any CPU = Release|Any CPU
	EndGlobalSection
	GlobalSection(ProjectConfigurationPlatforms) = postSolution
		{64193EA6-3CF5-4E89-9A9F-7425952A0505}.Debug|Any CPU.ActiveCfg = Debug|Any CPU
		{64193EA6-3CF5-4E89-9A9F-7425952A0505}.Debug|Any CPU.Build.0 = Debug|Any CPU
		{64193EA6-3CF5-4E89-9A9F-7425952A0505}.Release|Any CPU.ActiveCfg = Release|Any CPU
		{64193EA6-3CF5-4E89-9A9F-7425952A0505}.Release|Any CPU.Build.0 = Release|Any CPU
		{86A18DD8-0DD1-45E9-AC45-140A6CB34ADB}.Debug|Any CPU.ActiveCfg = Debug|Any CPU
		{86A18DD8-0DD1-45E9-AC45-140A6CB34ADB}.Debug|Any CPU.Build.0 = Debug|Any CPU
		{86A18DD8-0DD1-45E9-AC45-140A6CB34ADB}.Release|Any CPU.ActiveCfg = Release|Any CPU
		{86A18DD8-0DD1-45E9-AC45-140A6CB34ADB}.Release|Any CPU.Build.0 = Release|Any CPU
	EndGlobalSection
	GlobalSection(SolutionProperties) = preSolution
		HideSolutionNode = FALSE
	EndGlobalSection
	GlobalSection(ExtensibilityGlobals) = postSolution
		SolutionGuid = {B672AFB3-F7FB-4811-93D4-9AE0A93FD916}
	EndGlobalSection
EndGlobal
